
Microsoft Visual Studio Solution File, Format Version 12.00
# Visual Studio Version 17
VisualStudioVersion = 17.2.32616.157
MinimumVisualStudioVersion = 10.0.40219.1
Project("{FAE04EC0-301F-11D3-BF4B-00C04F79EFBC}") = "WebApplication1", "WebApplication1.csproj", "{92263AB0-5B6A-4644-8A30-F3A7304DA7A1}"
EndProject
Global
	GlobalSection(SolutionConfigurationPlatforms) = preSolution
		Debug|Any CPU = Debug|Any CPU
		Release|Any CPU = Release|Any CPU
	EndGlobalSection
	GlobalSection(ProjectConfigurationPlatforms) = postSolution
		{92263AB0-5B6A-4644-8A30-F3A7304DA7A1}.Debug|Any CPU.ActiveCfg = Debug|Any CPU
		{92263AB0-5B6A-4644-8A30-F3A7304DA7A1}.Debug|Any CPU.Build.0 = Debug|Any CPU
		{92263AB0-5B6A-4644-8A30-F3A7304DA7A1}.Release|Any CPU.ActiveCfg = Release|Any CPU
		{92263AB0-5B6A-4644-8A30-F3A7304DA7A1}.Release|Any CPU.Build.0 = Release|Any CPU
	EndGlobalSection
	GlobalSection(SolutionProperties) = preSolution
		HideSolutionNode = FALSE
	EndGlobalSection
	GlobalSection(ExtensibilityGlobals) = postSolution
		SolutionGuid = {884C6529-05A9-4355-B743-E44365F5CCB8}
	EndGlobalSection
EndGlobal
